
Microsoft Visual Studio Solution File, Format Version 12.00
# Visual Studio Version 17
VisualStudioVersion = 17.9.34728.123
MinimumVisualStudioVersion = 10.0.40219.1
Project("{FAE04EC0-301F-11D3-BF4B-00C04F79EFBC}") = "QuickMergeSort", "QuickMergeSort.csproj", "{27066F3D-B74D-41EB-A1B2-1036E5FD3FC9}"
EndProject
Global
	GlobalSection(SolutionConfigurationPlatforms) = preSolution
		Debug|Any CPU = Debug|Any CPU
		Release|Any CPU = Release|Any CPU
	EndGlobalSection
	GlobalSection(ProjectConfigurationPlatforms) = postSolution
		{27066F3D-B74D-41EB-A1B2-1036E5FD3FC9}.Debug|Any CPU.ActiveCfg = Debug|Any CPU
		{27066F3D-B74D-41EB-A1B2-1036E5FD3FC9}.Debug|Any CPU.Build.0 = Debug|Any CPU
		{27066F3D-B74D-41EB-A1B2-1036E5FD3FC9}.Release|Any CPU.ActiveCfg = Release|Any CPU
		{27066F3D-B74D-41EB-A1B2-1036E5FD3FC9}.Release|Any CPU.Build.0 = Release|Any CPU
	EndGlobalSection
	GlobalSection(SolutionProperties) = preSolution
		HideSolutionNode = FALSE
	EndGlobalSection
	GlobalSection(ExtensibilityGlobals) = postSolution
		SolutionGuid = {50AB1597-5EF2-4DF6-89BA-BC34E5C19B7E}
	EndGlobalSection
EndGlobal
